
Microsoft Visual Studio Solution File, Format Version 12.00
# Visual Studio 15
VisualStudioVersion = 15.0.27428.2015
MinimumVisualStudioVersion = 10.0.40219.1
Project("{FAE04EC0-301F-11D3-BF4B-00C04F79EFBC}") = "UserList.Android", "UserList\UserList.Android\UserList.Android.csproj", "{CE44050D-06B6-4025-8975-1CC564AA533E}"
EndProject
Project("{FAE04EC0-301F-11D3-BF4B-00C04F79EFBC}") = "UserList.iOS", "UserList\UserList.iOS\UserList.iOS.csproj", "{5899837F-0352-4B7A-8254-6A012CE29BF5}"
EndProject
Project("{D954291E-2A0B-460D-934E-DC6B0785DB48}") = "UserList", "UserList\UserList\UserList.shproj", "{D7B6AD15-E35A-4D90-9F3D-C5BD3A957DBE}"
EndProject
Global
	GlobalSection(SharedMSBuildProjectFiles) = preSolution
		UserList\UserList\UserList.projitems*{5899837f-0352-4b7a-8254-6a012ce29bf5}*SharedItemsImports = 4
		UserList\UserList\UserList.projitems*{ce44050d-06b6-4025-8975-1cc564aa533e}*SharedItemsImports = 4
		UserList\UserList\UserList.projitems*{d7b6ad15-e35a-4d90-9f3d-c5bd3a957dbe}*SharedItemsImports = 13
	EndGlobalSection
	GlobalSection(SolutionConfigurationPlatforms) = preSolution
		Ad-Hoc|Any CPU = Ad-Hoc|Any CPU
		Ad-Hoc|ARM = Ad-Hoc|ARM
		Ad-Hoc|iPhone = Ad-Hoc|iPhone
		Ad-Hoc|iPhoneSimulator = Ad-Hoc|iPhoneSimulator
		Ad-Hoc|x64 = Ad-Hoc|x64
		Ad-Hoc|x86 = Ad-Hoc|x86
		AppStore|Any CPU = AppStore|Any CPU
		AppStore|ARM = AppStore|ARM
		AppStore|iPhone = AppStore|iPhone
		AppStore|iPhoneSimulator = AppStore|iPhoneSimulator
		AppStore|x64 = AppStore|x64
		AppStore|x86 = AppStore|x86
		Debug|Any CPU = Debug|Any CPU
		Debug|ARM = Debug|ARM
		Debug|iPhone = Debug|iPhone
		Debug|iPhoneSimulator = Debug|iPhoneSimulator
		Debug|x64 = Debug|x64
		Debug|x86 = Debug|x86
		Release|Any CPU = Release|Any CPU
		Release|ARM = Release|ARM
		Release|iPhone = Release|iPhone
		Release|iPhoneSimulator = Release|iPhoneSimulator
		Release|x64 = Release|x64
		Release|x86 = Release|x86
	EndGlobalSection
	GlobalSection(ProjectConfigurationPlatforms) = postSolution
		{CE44050D-06B6-4025-8975-1CC564AA533E}.Ad-Hoc|Any CPU.ActiveCfg = Release|Any CPU
		{CE44050D-06B6-4025-8975-1CC564AA533E}.Ad-Hoc|Any CPU.Build.0 = Release|Any CPU
		{CE44050D-06B6-4025-8975-1CC564AA533E}.Ad-Hoc|Any CPU.Deploy.0 = Release|Any CPU
		{CE44050D-06B6-4025-8975-1CC564AA533E}.Ad-Hoc|ARM.ActiveCfg = Release|Any CPU
		{CE44050D-06B6-4025-8975-1CC564AA533E}.Ad-Hoc|ARM.Build.0 = Release|Any CPU
		{CE44050D-06B6-4025-8975-1CC564AA533E}.Ad-Hoc|ARM.Deploy.0 = Release|Any CPU
		{CE44050D-06B6-4025-8975-1CC564AA533E}.Ad-Hoc|iPhone.ActiveCfg = Release|Any CPU
		{CE44050D-06B6-4025-8975-1CC564AA533E}.Ad-Hoc|iPhone.Build.0 = Release|Any CPU
		{CE44050D-06B6-4025-8975-1CC564AA533E}.Ad-Hoc|iPhone.Deploy.0 = Release|Any CPU
		{CE44050D-06B6-4025-8975-1CC564AA533E}.Ad-Hoc|iPhoneSimulator.ActiveCfg = Release|Any CPU
		{CE44050D-06B6-4025-8975-1CC564AA533E}.Ad-Hoc|iPhoneSimulator.Build.0 = Release|Any CPU
		{CE44050D-06B6-4025-8975-1CC564AA533E}.Ad-Hoc|iPhoneSimulator.Deploy.0 = Release|Any CPU
		{CE44050D-06B6-4025-8975-1CC564AA533E}.Ad-Hoc|x64.ActiveCfg = Release|Any CPU
		{CE44050D-06B6-4025-8975-1CC564AA533E}.Ad-Hoc|x64.Build.0 = Release|Any CPU
		{CE44050D-06B6-4025-8975-1CC564AA533E}.Ad-Hoc|x64.Deploy.0 = Release|Any CPU
		{CE44050D-06B6-4025-8975-1CC564AA533E}.Ad-Hoc|x86.ActiveCfg = Release|Any CPU
		{CE44050D-06B6-4025-8975-1CC564AA533E}.Ad-Hoc|x86.Build.0 = Release|Any CPU
		{CE44050D-06B6-4025-8975-1CC564AA533E}.Ad-Hoc|x86.Deploy.0 = Release|Any CPU
		{CE44050D-06B6-4025-8975-1CC564AA533E}.AppStore|Any CPU.ActiveCfg = Release|Any CPU
		{CE44050D-06B6-4025-8975-1CC564AA533E}.AppStore|Any CPU.Build.0 = Release|Any CPU
		{CE44050D-06B6-4025-8975-1CC564AA533E}.AppStore|Any CPU.Deploy.0 = Release|Any CPU
		{CE44050D-06B6-4025-8975-1CC564AA533E}.AppStore|ARM.ActiveCfg = Release|Any CPU
		{CE44050D-06B6-4025-8975-1CC564AA533E}.AppStore|ARM.Build.0 = Release|Any CPU
		{CE44050D-06B6-4025-8975-1CC564AA533E}.AppStore|ARM.Deploy.0 = Release|Any CPU
		{CE44050D-06B6-4025-8975-1CC564AA533E}.AppStore|iPhone.ActiveCfg = Release|Any CPU
		{CE44050D-06B6-4025-8975-1CC564AA533E}.AppStore|iPhone.Build.0 = Release|Any CPU
		{CE44050D-06B6-4025-8975-1CC564AA533E}.AppStore|iPhone.Deploy.0 = Release|Any CPU
		{CE44050D-06B6-4025-8975-1CC564AA533E}.AppStore|iPhoneSimulator.ActiveCfg = Release|Any CPU
		{CE44050D-06B6-4025-8975-1CC564AA533E}.AppStore|iPhoneSimulator.Build.0 = Release|Any CPU
		{CE44050D-06B6-4025-8975-1CC564AA533E}.AppStore|iPhoneSimulator.Deploy.0 = Release|Any CPU
		{CE44050D-06B6-4025-8975-1CC564AA533E}.AppStore|x64.ActiveCfg = Release|Any CPU
		{CE44050D-06B6-4025-8975-1CC564AA533E}.AppStore|x64.Build.0 = Release|Any CPU
		{CE44050D-06B6-4025-8975-1CC564AA533E}.AppStore|x64.Deploy.0 = Release|Any CPU
		{CE44050D-06B6-4025-8975-1CC564AA533E}.AppStore|x86.ActiveCfg = Release|Any CPU
		{CE44050D-06B6-4025-8975-1CC564AA533E}.AppStore|x86.Build.0 = Release|Any CPU
		{CE44050D-06B6-4025-8975-1CC564AA533E}.AppStore|x86.Deploy.0 = Release|Any CPU
		{CE44050D-06B6-4025-8975-1CC564AA533E}.Debug|Any CPU.ActiveCfg = Debug|Any CPU
		{CE44050D-06B6-4025-8975-1CC564AA533E}.Debug|Any CPU.Build.0 = Debug|Any CPU
		{CE44050D-06B6-4025-8975-1CC564AA533E}.Debug|Any CPU.Deploy.0 = Debug|Any CPU
		{CE44050D-06B6-4025-8975-1CC564AA533E}.Debug|ARM.ActiveCfg = Debug|Any CPU
		{CE44050D-06B6-4025-8975-1CC564AA533E}.Debug|ARM.Build.0 = Debug|Any CPU
		{CE44050D-06B6-4025-8975-1CC564AA533E}.Debug|ARM.Deploy.0 = Debug|Any CPU
		{CE44050D-06B6-4025-8975-1CC564AA533E}.Debug|iPhone.ActiveCfg = Debug|Any CPU
		{CE44050D-06B6-4025-8975-1CC564AA533E}.Debug|iPhone.Build.0 = Debug|Any CPU
		{CE44050D-06B6-4025-8975-1CC564AA533E}.Debug|iPhone.Deploy.0 = Debug|Any CPU
		{CE44050D-06B6-4025-8975-1CC564AA533E}.Debug|iPhoneSimulator.ActiveCfg = Debug|Any CPU
		{CE44050D-06B6-4025-8975-1CC564AA533E}.Debug|iPhoneSimulator.Build.0 = Debug|Any CPU
		{CE44050D-06B6-4025-8975-1CC564AA533E}.Debug|iPhoneSimulator.Deploy.0 = Debug|Any CPU
		{CE44050D-06B6-4025-8975-1CC564AA533E}.Debug|x64.ActiveCfg = Debug|Any CPU
		{CE44050D-06B6-4025-8975-1CC564AA533E}.Debug|x64.Build.0 = Debug|Any CPU
		{CE44050D-06B6-4025-8975-1CC564AA533E}.Debug|x64.Deploy.0 = Debug|Any CPU
		{CE44050D-06B6-4025-8975-1CC564AA533E}.Debug|x86.ActiveCfg = Debug|Any CPU
		{CE44050D-06B6-4025-8975-1CC564AA533E}.Debug|x86.Build.0 = Debug|Any CPU
		{CE44050D-06B6-4025-8975-1CC564AA533E}.Debug|x86.Deploy.0 = Debug|Any CPU
		{CE44050D-06B6-4025-8975-1CC564AA533E}.Release|Any CPU.ActiveCfg = Release|Any CPU
		{CE44050D-06B6-4025-8975-1CC564AA533E}.Release|Any CPU.Build.0 = Release|Any CPU
		{CE44050D-06B6-4025-8975-1CC564AA533E}.Release|Any CPU.Deploy.0 = Release|Any CPU
		{CE44050D-06B6-4025-8975-1CC564AA533E}.Release|ARM.ActiveCfg = Release|Any CPU
		{CE44050D-06B6-4025-8975-1CC564AA533E}.Release|ARM.Build.0 = Release|Any CPU
		{CE44050D-06B6-4025-8975-1CC564AA533E}.Release|ARM.Deploy.0 = Release|Any CPU
		{CE44050D-06B6-4025-8975-1CC564AA533E}.Release|iPhone.ActiveCfg = Release|Any CPU
		{CE44050D-06B6-4025-8975-1CC564AA533E}.Release|iPhone.Build.0 = Release|Any CPU
		{CE44050D-06B6-4025-8975-1CC564AA533E}.Release|iPhone.Deploy.0 = Release|Any CPU
		{CE44050D-06B6-4025-8975-1CC564AA533E}.Release|iPhoneSimulator.ActiveCfg = Release|Any CPU
		{CE44050D-06B6-4025-8975-1CC564AA533E}.Release|iPhoneSimulator.Build.0 = Release|Any CPU
		{CE44050D-06B6-4025-8975-1CC564AA533E}.Release|iPhoneSimulator.Deploy.0 = Release|Any CPU
		{CE44050D-06B6-4025-8975-1CC564AA533E}.Release|x64.ActiveCfg = Release|Any CPU
		{CE44050D-06B6-4025-8975-1CC564AA533E}.Release|x64.Build.0 = Release|Any CPU
		{CE44050D-06B6-4025-8975-1CC564AA533E}.Release|x64.Deploy.0 = Release|Any CPU
		{CE44050D-06B6-4025-8975-1CC564AA533E}.Release|x86.ActiveCfg = Release|Any CPU
		{CE44050D-06B6-4025-8975-1CC564AA533E}.Release|x86.Build.0 = Release|Any CPU
		{CE44050D-06B6-4025-8975-1CC564AA533E}.Release|x86.Deploy.0 = Release|Any CPU
		{5899837F-0352-4B7A-8254-6A012CE29BF5}.Ad-Hoc|Any CPU.ActiveCfg = Ad-Hoc|iPhone
		{5899837F-0352-4B7A-8254-6A012CE29BF5}.Ad-Hoc|ARM.ActiveCfg = Ad-Hoc|iPhone
		{5899837F-0352-4B7A-8254-6A012CE29BF5}.Ad-Hoc|iPhone.ActiveCfg = Ad-Hoc|iPhone
		{5899837F-0352-4B7A-8254-6A012CE29BF5}.Ad-Hoc|iPhone.Build.0 = Ad-Hoc|iPhone
		{5899837F-0352-4B7A-8254-6A012CE29BF5}.Ad-Hoc|iPhoneSimulator.ActiveCfg = Ad-Hoc|iPhoneSimulator
		{5899837F-0352-4B7A-8254-6A012CE29BF5}.Ad-Hoc|iPhoneSimulator.Build.0 = Ad-Hoc|iPhoneSimulator
		{5899837F-0352-4B7A-8254-6A012CE29BF5}.Ad-Hoc|x64.ActiveCfg = Ad-Hoc|iPhone
		{5899837F-0352-4B7A-8254-6A012CE29BF5}.Ad-Hoc|x86.ActiveCfg = Ad-Hoc|iPhone
		{5899837F-0352-4B7A-8254-6A012CE29BF5}.AppStore|Any CPU.ActiveCfg = AppStore|iPhone
		{5899837F-0352-4B7A-8254-6A012CE29BF5}.AppStore|ARM.ActiveCfg = AppStore|iPhone
		{5899837F-0352-4B7A-8254-6A012CE29BF5}.AppStore|iPhone.ActiveCfg = AppStore|iPhone
		{5899837F-0352-4B7A-8254-6A012CE29BF5}.AppStore|iPhone.Build.0 = AppStore|iPhone
		{5899837F-0352-4B7A-8254-6A012CE29BF5}.AppStore|iPhoneSimulator.ActiveCfg = AppStore|iPhoneSimulator
		{5899837F-0352-4B7A-8254-6A012CE29BF5}.AppStore|iPhoneSimulator.Build.0 = AppStore|iPhoneSimulator
		{5899837F-0352-4B7A-8254-6A012CE29BF5}.AppStore|x64.ActiveCfg = AppStore|iPhone
		{5899837F-0352-4B7A-8254-6A012CE29BF5}.AppStore|x86.ActiveCfg = AppStore|iPhone
		{5899837F-0352-4B7A-8254-6A012CE29BF5}.Debug|Any CPU.ActiveCfg = Debug|iPhone
		{5899837F-0352-4B7A-8254-6A012CE29BF5}.Debug|ARM.ActiveCfg = Debug|iPhone
		{5899837F-0352-4B7A-8254-6A012CE29BF5}.Debug|iPhone.ActiveCfg = Debug|iPhone
		{5899837F-0352-4B7A-8254-6A012CE29BF5}.Debug|iPhone.Build.0 = Debug|iPhone
		{5899837F-0352-4B7A-8254-6A012CE29BF5}.Debug|iPhoneSimulator.ActiveCfg = Debug|iPhoneSimulator
		{5899837F-0352-4B7A-8254-6A012CE29BF5}.Debug|iPhoneSimulator.Build.0 = Debug|iPhoneSimulator
		{5899837F-0352-4B7A-8254-6A012CE29BF5}.Debug|x64.ActiveCfg = Debug|iPhone
		{5899837F-0352-4B7A-8254-6A012CE29BF5}.Debug|x86.ActiveCfg = Debug|iPhone
		{5899837F-0352-4B7A-8254-6A012CE29BF5}.Release|Any CPU.ActiveCfg = Release|iPhone
		{5899837F-0352-4B7A-8254-6A012CE29BF5}.Release|ARM.ActiveCfg = Release|iPhone
		{5899837F-0352-4B7A-8254-6A012CE29BF5}.Release|iPhone.ActiveCfg = Release|iPhone
		{5899837F-0352-4B7A-8254-6A012CE29BF5}.Release|iPhone.Build.0 = Release|iPhone
		{5899837F-0352-4B7A-8254-6A012CE29BF5}.Release|iPhoneSimulator.ActiveCfg = Release|iPhoneSimulator
		{5899837F-0352-4B7A-8254-6A012CE29BF5}.Release|iPhoneSimulator.Build.0 = Release|iPhoneSimulator
		{5899837F-0352-4B7A-8254-6A012CE29BF5}.Release|x64.ActiveCfg = Release|iPhone
		{5899837F-0352-4B7A-8254-6A012CE29BF5}.Release|x86.ActiveCfg = Release|iPhone
	EndGlobalSection
	GlobalSection(SolutionProperties) = preSolution
		HideSolutionNode = FALSE
	EndGlobalSection
	GlobalSection(ExtensibilityGlobals) = postSolution
		SolutionGuid = {7375755E-2D58-4801-8730-60D9D57BCA31}
	EndGlobalSection
EndGlobal
